
Microsoft Visual Studio Solution File, Format Version 12.00
# Visual Studio Version 17
VisualStudioVersion = 17.2.32630.192
MinimumVisualStudioVersion = 10.0.40219.1
Project("{FAE04EC0-301F-11D3-BF4B-00C04F79EFBC}") = "BL", "BL\BL.csproj", "{C4050CB9-01B5-4E88-AE5B-28A78A007E88}"
EndProject
Project("{FAE04EC0-301F-11D3-BF4B-00C04F79EFBC}") = "ML", "ML\ML.csproj", "{41534F28-7951-4F8A-85AF-78DA8B459E94}"
EndProject
Project("{FAE04EC0-301F-11D3-BF4B-00C04F79EFBC}") = "DL", "DL\DL.csproj", "{BFA8FD49-8F45-4ABE-BB7D-9AFB86835836}"
EndProject
Project("{FAE04EC0-301F-11D3-BF4B-00C04F79EFBC}") = "PL", "PL\PL.csproj", "{37BE44A8-DAFA-40DC-8BF0-F60C1B1D658E}"
EndProject
Project("{FAE04EC0-301F-11D3-BF4B-00C04F79EFBC}") = "SL", "SL\SL.csproj", "{45ADC66C-BD75-46DD-9887-7F498574F31B}"
EndProject
Global
	GlobalSection(SolutionConfigurationPlatforms) = preSolution
		Debug|Any CPU = Debug|Any CPU
		Release|Any CPU = Release|Any CPU
	EndGlobalSection
	GlobalSection(ProjectConfigurationPlatforms) = postSolution
		{C4050CB9-01B5-4E88-AE5B-28A78A007E88}.Debug|Any CPU.ActiveCfg = Debug|Any CPU
		{C4050CB9-01B5-4E88-AE5B-28A78A007E88}.Debug|Any CPU.Build.0 = Debug|Any CPU
		{C4050CB9-01B5-4E88-AE5B-28A78A007E88}.Release|Any CPU.ActiveCfg = Release|Any CPU
		{C4050CB9-01B5-4E88-AE5B-28A78A007E88}.Release|Any CPU.Build.0 = Release|Any CPU
		{41534F28-7951-4F8A-85AF-78DA8B459E94}.Debug|Any CPU.ActiveCfg = Debug|Any CPU
		{41534F28-7951-4F8A-85AF-78DA8B459E94}.Debug|Any CPU.Build.0 = Debug|Any CPU
		{41534F28-7951-4F8A-85AF-78DA8B459E94}.Release|Any CPU.ActiveCfg = Release|Any CPU
		{41534F28-7951-4F8A-85AF-78DA8B459E94}.Release|Any CPU.Build.0 = Release|Any CPU
		{BFA8FD49-8F45-4ABE-BB7D-9AFB86835836}.Debug|Any CPU.ActiveCfg = Debug|Any CPU
		{BFA8FD49-8F45-4ABE-BB7D-9AFB86835836}.Debug|Any CPU.Build.0 = Debug|Any CPU
		{BFA8FD49-8F45-4ABE-BB7D-9AFB86835836}.Release|Any CPU.ActiveCfg = Release|Any CPU
		{BFA8FD49-8F45-4ABE-BB7D-9AFB86835836}.Release|Any CPU.Build.0 = Release|Any CPU
		{37BE44A8-DAFA-40DC-8BF0-F60C1B1D658E}.Debug|Any CPU.ActiveCfg = Debug|Any CPU
		{37BE44A8-DAFA-40DC-8BF0-F60C1B1D658E}.Debug|Any CPU.Build.0 = Debug|Any CPU
		{37BE44A8-DAFA-40DC-8BF0-F60C1B1D658E}.Release|Any CPU.ActiveCfg = Release|Any CPU
		{37BE44A8-DAFA-40DC-8BF0-F60C1B1D658E}.Release|Any CPU.Build.0 = Release|Any CPU
		{45ADC66C-BD75-46DD-9887-7F498574F31B}.Debug|Any CPU.ActiveCfg = Debug|Any CPU
		{45ADC66C-BD75-46DD-9887-7F498574F31B}.Debug|Any CPU.Build.0 = Debug|Any CPU
		{45ADC66C-BD75-46DD-9887-7F498574F31B}.Release|Any CPU.ActiveCfg = Release|Any CPU
		{45ADC66C-BD75-46DD-9887-7F498574F31B}.Release|Any CPU.Build.0 = Release|Any CPU
	EndGlobalSection
	GlobalSection(SolutionProperties) = preSolution
		HideSolutionNode = FALSE
	EndGlobalSection
	GlobalSection(ExtensibilityGlobals) = postSolution
		SolutionGuid = {920E5216-6194-4F35-94AE-2F89B83F9F82}
	EndGlobalSection
EndGlobal
